
Microsoft Visual Studio Solution File, Format Version 12.00
# Visual Studio Version 17
VisualStudioVersion = 17.2.32519.379
MinimumVisualStudioVersion = 10.0.40219.1
Project("{8BC9CEB8-8B4A-11D0-8D11-00A0C91BC942}") = "Project9", "Project9\Project9.vcxproj", "{93D50817-3800-426B-BC3E-6D1A6CEABE90}"
EndProject
Project("{8BC9CEB8-8B4A-11D0-8D11-00A0C91BC942}") = "Sample-Test1", "Sample-Test1\Sample-Test1.vcxproj", "{7D4A9D94-7F89-4F0F-8978-283B7F22DF54}"
EndProject
Project("{2150E333-8FDC-42A3-9474-1A3956D46DE8}") = "솔루션 항목", "솔루션 항목", "{FD41828A-9AAC-4EDB-8376-71BC6A7AF308}"
	ProjectSection(SolutionItems) = preProject
		.gitignore = .gitignore
		README.md = README.md
	EndProjectSection
EndProject
Global
	GlobalSection(SolutionConfigurationPlatforms) = preSolution
		Debug|x64 = Debug|x64
		Debug|x86 = Debug|x86
		Release|x64 = Release|x64
		Release|x86 = Release|x86
	EndGlobalSection
	GlobalSection(ProjectConfigurationPlatforms) = postSolution
		{93D50817-3800-426B-BC3E-6D1A6CEABE90}.Debug|x64.ActiveCfg = Debug|x64
		{93D50817-3800-426B-BC3E-6D1A6CEABE90}.Debug|x64.Build.0 = Debug|x64
		{93D50817-3800-426B-BC3E-6D1A6CEABE90}.Debug|x86.ActiveCfg = Debug|Win32
		{93D50817-3800-426B-BC3E-6D1A6CEABE90}.Debug|x86.Build.0 = Debug|Win32
		{93D50817-3800-426B-BC3E-6D1A6CEABE90}.Release|x64.ActiveCfg = Release|x64
		{93D50817-3800-426B-BC3E-6D1A6CEABE90}.Release|x64.Build.0 = Release|x64
		{93D50817-3800-426B-BC3E-6D1A6CEABE90}.Release|x86.ActiveCfg = Release|Win32
		{93D50817-3800-426B-BC3E-6D1A6CEABE90}.Release|x86.Build.0 = Release|Win32
		{7D4A9D94-7F89-4F0F-8978-283B7F22DF54}.Debug|x64.ActiveCfg = Debug|x64
		{7D4A9D94-7F89-4F0F-8978-283B7F22DF54}.Debug|x64.Build.0 = Debug|x64
		{7D4A9D94-7F89-4F0F-8978-283B7F22DF54}.Debug|x86.ActiveCfg = Debug|Win32
		{7D4A9D94-7F89-4F0F-8978-283B7F22DF54}.Debug|x86.Build.0 = Debug|Win32
		{7D4A9D94-7F89-4F0F-8978-283B7F22DF54}.Release|x64.ActiveCfg = Release|x64
		{7D4A9D94-7F89-4F0F-8978-283B7F22DF54}.Release|x64.Build.0 = Release|x64
		{7D4A9D94-7F89-4F0F-8978-283B7F22DF54}.Release|x86.ActiveCfg = Release|Win32
		{7D4A9D94-7F89-4F0F-8978-283B7F22DF54}.Release|x86.Build.0 = Release|Win32
	EndGlobalSection
	GlobalSection(SolutionProperties) = preSolution
		HideSolutionNode = FALSE
	EndGlobalSection
	GlobalSection(ExtensibilityGlobals) = postSolution
		SolutionGuid = {ECBCE507-10F2-4D12-924B-97981443715E}
	EndGlobalSection
EndGlobal
